
Microsoft Visual Studio Solution File, Format Version 12.00
# Visual Studio Version 16
VisualStudioVersion = 16.0.29519.181
MinimumVisualStudioVersion = 10.0.40219.1
Project("{FAE04EC0-301F-11D3-BF4B-00C04F79EFBC}") = "DataTypes", "DataTypes\DataTypes.csproj", "{B413F4D7-E69D-4476-AC7D-94328661B3C0}"
EndProject
Global
	GlobalSection(SolutionConfigurationPlatforms) = preSolution
		Debug|Any CPU = Debug|Any CPU
		Release|Any CPU = Release|Any CPU
	EndGlobalSection
	GlobalSection(ProjectConfigurationPlatforms) = postSolution
		{B413F4D7-E69D-4476-AC7D-94328661B3C0}.Debug|Any CPU.ActiveCfg = Debug|Any CPU
		{B413F4D7-E69D-4476-AC7D-94328661B3C0}.Debug|Any CPU.Build.0 = Debug|Any CPU
		{B413F4D7-E69D-4476-AC7D-94328661B3C0}.Release|Any CPU.ActiveCfg = Release|Any CPU
		{B413F4D7-E69D-4476-AC7D-94328661B3C0}.Release|Any CPU.Build.0 = Release|Any CPU
	EndGlobalSection
	GlobalSection(SolutionProperties) = preSolution
		HideSolutionNode = FALSE
	EndGlobalSection
	GlobalSection(ExtensibilityGlobals) = postSolution
		SolutionGuid = {CE16128A-082C-4EB1-B115-FEEFEDDD1CAC}
	EndGlobalSection
EndGlobal
